
Microsoft Visual Studio Solution File, Format Version 12.00
# Visual Studio 15
VisualStudioVersion = 15.0.26730.12
MinimumVisualStudioVersion = 10.0.40219.1
Project("{FAE04EC0-301F-11D3-BF4B-00C04F79EFBC}") = "Garden", "Garden\Garden.csproj", "{B4CC7D5D-B4C5-4ED3-A7D8-0A27EB673407}"
EndProject
Global
	GlobalSection(SolutionConfigurationPlatforms) = preSolution
		Debug|Any CPU = Debug|Any CPU
		Release|Any CPU = Release|Any CPU
	EndGlobalSection
	GlobalSection(ProjectConfigurationPlatforms) = postSolution
		{B4CC7D5D-B4C5-4ED3-A7D8-0A27EB673407}.Debug|Any CPU.ActiveCfg = Debug|Any CPU
		{B4CC7D5D-B4C5-4ED3-A7D8-0A27EB673407}.Debug|Any CPU.Build.0 = Debug|Any CPU
		{B4CC7D5D-B4C5-4ED3-A7D8-0A27EB673407}.Release|Any CPU.ActiveCfg = Release|Any CPU
		{B4CC7D5D-B4C5-4ED3-A7D8-0A27EB673407}.Release|Any CPU.Build.0 = Release|Any CPU
	EndGlobalSection
	GlobalSection(SolutionProperties) = preSolution
		HideSolutionNode = FALSE
	EndGlobalSection
	GlobalSection(ExtensibilityGlobals) = postSolution
		SolutionGuid = {09338629-95EB-40A9-B0A0-5E9CEA37665F}
	EndGlobalSection
EndGlobal
