
Microsoft Visual Studio Solution File, Format Version 12.00
# Visual Studio 15
VisualStudioVersion = 15.0.26730.12
MinimumVisualStudioVersion = 10.0.40219.1
Project("{FAE04EC0-301F-11D3-BF4B-00C04F79EFBC}") = "27-FizzBuzz", "27-FizzBuzz\27-FizzBuzz.csproj", "{D6505327-353F-4CC0-B924-3B9FD4130A33}"
EndProject
Global
	GlobalSection(SolutionConfigurationPlatforms) = preSolution
		Debug|Any CPU = Debug|Any CPU
		Release|Any CPU = Release|Any CPU
	EndGlobalSection
	GlobalSection(ProjectConfigurationPlatforms) = postSolution
		{D6505327-353F-4CC0-B924-3B9FD4130A33}.Debug|Any CPU.ActiveCfg = Debug|Any CPU
		{D6505327-353F-4CC0-B924-3B9FD4130A33}.Debug|Any CPU.Build.0 = Debug|Any CPU
		{D6505327-353F-4CC0-B924-3B9FD4130A33}.Release|Any CPU.ActiveCfg = Release|Any CPU
		{D6505327-353F-4CC0-B924-3B9FD4130A33}.Release|Any CPU.Build.0 = Release|Any CPU
	EndGlobalSection
	GlobalSection(SolutionProperties) = preSolution
		HideSolutionNode = FALSE
	EndGlobalSection
	GlobalSection(ExtensibilityGlobals) = postSolution
		SolutionGuid = {48FA7632-E43A-4ED4-A971-DD2AB7EF463B}
	EndGlobalSection
EndGlobal
