
Microsoft Visual Studio Solution File, Format Version 12.00
# Visual Studio 15
VisualStudioVersion = 15.0.26730.12
MinimumVisualStudioVersion = 10.0.40219.1
Project("{FAE04EC0-301F-11D3-BF4B-00C04F79EFBC}") = "35-DrawChessTable", "35-DrawChessTable\35-DrawChessTable.csproj", "{7F9F2667-9C5F-4CCA-8B27-6C60A0266B5D}"
EndProject
Global
	GlobalSection(SolutionConfigurationPlatforms) = preSolution
		Debug|Any CPU = Debug|Any CPU
		Release|Any CPU = Release|Any CPU
	EndGlobalSection
	GlobalSection(ProjectConfigurationPlatforms) = postSolution
		{7F9F2667-9C5F-4CCA-8B27-6C60A0266B5D}.Debug|Any CPU.ActiveCfg = Debug|Any CPU
		{7F9F2667-9C5F-4CCA-8B27-6C60A0266B5D}.Debug|Any CPU.Build.0 = Debug|Any CPU
		{7F9F2667-9C5F-4CCA-8B27-6C60A0266B5D}.Release|Any CPU.ActiveCfg = Release|Any CPU
		{7F9F2667-9C5F-4CCA-8B27-6C60A0266B5D}.Release|Any CPU.Build.0 = Release|Any CPU
	EndGlobalSection
	GlobalSection(SolutionProperties) = preSolution
		HideSolutionNode = FALSE
	EndGlobalSection
	GlobalSection(ExtensibilityGlobals) = postSolution
		SolutionGuid = {A334DED1-0024-41FD-B508-D28662246269}
	EndGlobalSection
EndGlobal
