
Microsoft Visual Studio Solution File, Format Version 12.00
# Visual Studio 15
VisualStudioVersion = 15.0.26730.12
MinimumVisualStudioVersion = 10.0.40219.1
Project("{FAE04EC0-301F-11D3-BF4B-00C04F79EFBC}") = "01-GreenFoxOrganization", "01-GreenFoxOrganization\01-GreenFoxOrganization.csproj", "{02C8CC8D-2817-4045-9595-1FE110237124}"
EndProject
Global
	GlobalSection(SolutionConfigurationPlatforms) = preSolution
		Debug|Any CPU = Debug|Any CPU
		Release|Any CPU = Release|Any CPU
	EndGlobalSection
	GlobalSection(ProjectConfigurationPlatforms) = postSolution
		{02C8CC8D-2817-4045-9595-1FE110237124}.Debug|Any CPU.ActiveCfg = Debug|Any CPU
		{02C8CC8D-2817-4045-9595-1FE110237124}.Debug|Any CPU.Build.0 = Debug|Any CPU
		{02C8CC8D-2817-4045-9595-1FE110237124}.Release|Any CPU.ActiveCfg = Release|Any CPU
		{02C8CC8D-2817-4045-9595-1FE110237124}.Release|Any CPU.Build.0 = Release|Any CPU
	EndGlobalSection
	GlobalSection(SolutionProperties) = preSolution
		HideSolutionNode = FALSE
	EndGlobalSection
	GlobalSection(ExtensibilityGlobals) = postSolution
		SolutionGuid = {388DEDA8-C5E8-4677-BA52-8635A462B12E}
	EndGlobalSection
EndGlobal
