
Microsoft Visual Studio Solution File, Format Version 12.00
# Visual Studio 15
VisualStudioVersion = 15.0.27004.2002
MinimumVisualStudioVersion = 10.0.40219.1
Project("{FAE04EC0-301F-11D3-BF4B-00C04F79EFBC}") = "FirstApplication", "FirstApplication\FirstApplication.csproj", "{AF98D9DB-B005-43A7-B6A2-B9D3E51F8C83}"
EndProject
Global
	GlobalSection(SolutionConfigurationPlatforms) = preSolution
		Debug|Any CPU = Debug|Any CPU
		Release|Any CPU = Release|Any CPU
	EndGlobalSection
	GlobalSection(ProjectConfigurationPlatforms) = postSolution
		{AF98D9DB-B005-43A7-B6A2-B9D3E51F8C83}.Debug|Any CPU.ActiveCfg = Debug|Any CPU
		{AF98D9DB-B005-43A7-B6A2-B9D3E51F8C83}.Debug|Any CPU.Build.0 = Debug|Any CPU
		{AF98D9DB-B005-43A7-B6A2-B9D3E51F8C83}.Release|Any CPU.ActiveCfg = Release|Any CPU
		{AF98D9DB-B005-43A7-B6A2-B9D3E51F8C83}.Release|Any CPU.Build.0 = Release|Any CPU
	EndGlobalSection
	GlobalSection(SolutionProperties) = preSolution
		HideSolutionNode = FALSE
	EndGlobalSection
	GlobalSection(ExtensibilityGlobals) = postSolution
		SolutionGuid = {ACF0B724-CFEF-434A-9B71-53721A763AE8}
	EndGlobalSection
EndGlobal
