
Microsoft Visual Studio Solution File, Format Version 12.00
# Visual Studio 15
VisualStudioVersion = 15.0.26730.12
MinimumVisualStudioVersion = 10.0.40219.1
Project("{FAE04EC0-301F-11D3-BF4B-00C04F79EFBC}") = "06-Extension", "06-Extension\06-Extension.csproj", "{8534BDFA-877C-4AE8-95BF-D8A37BD94426}"
EndProject
Project("{FAE04EC0-301F-11D3-BF4B-00C04F79EFBC}") = "ExtensionTest", "ExtensionTest\ExtensionTest.csproj", "{14258E8D-4C3A-48D9-88AD-5384DDDAC32D}"
EndProject
Global
	GlobalSection(SolutionConfigurationPlatforms) = preSolution
		Debug|Any CPU = Debug|Any CPU
		Release|Any CPU = Release|Any CPU
	EndGlobalSection
	GlobalSection(ProjectConfigurationPlatforms) = postSolution
		{8534BDFA-877C-4AE8-95BF-D8A37BD94426}.Debug|Any CPU.ActiveCfg = Debug|Any CPU
		{8534BDFA-877C-4AE8-95BF-D8A37BD94426}.Debug|Any CPU.Build.0 = Debug|Any CPU
		{8534BDFA-877C-4AE8-95BF-D8A37BD94426}.Release|Any CPU.ActiveCfg = Release|Any CPU
		{8534BDFA-877C-4AE8-95BF-D8A37BD94426}.Release|Any CPU.Build.0 = Release|Any CPU
		{14258E8D-4C3A-48D9-88AD-5384DDDAC32D}.Debug|Any CPU.ActiveCfg = Debug|Any CPU
		{14258E8D-4C3A-48D9-88AD-5384DDDAC32D}.Debug|Any CPU.Build.0 = Debug|Any CPU
		{14258E8D-4C3A-48D9-88AD-5384DDDAC32D}.Release|Any CPU.ActiveCfg = Release|Any CPU
		{14258E8D-4C3A-48D9-88AD-5384DDDAC32D}.Release|Any CPU.Build.0 = Release|Any CPU
	EndGlobalSection
	GlobalSection(SolutionProperties) = preSolution
		HideSolutionNode = FALSE
	EndGlobalSection
	GlobalSection(ExtensibilityGlobals) = postSolution
		SolutionGuid = {39EB2AC7-CB1B-494E-8E2D-91EB69A05476}
	EndGlobalSection
EndGlobal
