
Microsoft Visual Studio Solution File, Format Version 12.00
# Visual Studio 15
VisualStudioVersion = 15.0.27004.2002
MinimumVisualStudioVersion = 10.0.40219.1
Project("{FAE04EC0-301F-11D3-BF4B-00C04F79EFBC}") = "TennisScoreApp", "TennisScoreApp\TennisScoreApp.csproj", "{3BBDA331-E986-499F-B56D-283CDA8A3E8C}"
EndProject
Global
	GlobalSection(SolutionConfigurationPlatforms) = preSolution
		Debug|Any CPU = Debug|Any CPU
		Release|Any CPU = Release|Any CPU
	EndGlobalSection
	GlobalSection(ProjectConfigurationPlatforms) = postSolution
		{3BBDA331-E986-499F-B56D-283CDA8A3E8C}.Debug|Any CPU.ActiveCfg = Debug|Any CPU
		{3BBDA331-E986-499F-B56D-283CDA8A3E8C}.Debug|Any CPU.Build.0 = Debug|Any CPU
		{3BBDA331-E986-499F-B56D-283CDA8A3E8C}.Release|Any CPU.ActiveCfg = Release|Any CPU
		{3BBDA331-E986-499F-B56D-283CDA8A3E8C}.Release|Any CPU.Build.0 = Release|Any CPU
	EndGlobalSection
	GlobalSection(SolutionProperties) = preSolution
		HideSolutionNode = FALSE
	EndGlobalSection
	GlobalSection(ExtensibilityGlobals) = postSolution
		SolutionGuid = {37B982AD-1D17-4C83-82DD-451908EF4233}
	EndGlobalSection
EndGlobal
