
Microsoft Visual Studio Solution File, Format Version 12.00
# Visual Studio 15
VisualStudioVersion = 15.0.26730.12
MinimumVisualStudioVersion = 10.0.40219.1
Project("{FAE04EC0-301F-11D3-BF4B-00C04F79EFBC}") = "08-CompareLength", "08-CompareLength\08-CompareLength.csproj", "{B39B86DA-E838-40BA-9142-642AA837D525}"
EndProject
Global
	GlobalSection(SolutionConfigurationPlatforms) = preSolution
		Debug|Any CPU = Debug|Any CPU
		Release|Any CPU = Release|Any CPU
	EndGlobalSection
	GlobalSection(ProjectConfigurationPlatforms) = postSolution
		{B39B86DA-E838-40BA-9142-642AA837D525}.Debug|Any CPU.ActiveCfg = Debug|Any CPU
		{B39B86DA-E838-40BA-9142-642AA837D525}.Debug|Any CPU.Build.0 = Debug|Any CPU
		{B39B86DA-E838-40BA-9142-642AA837D525}.Release|Any CPU.ActiveCfg = Release|Any CPU
		{B39B86DA-E838-40BA-9142-642AA837D525}.Release|Any CPU.Build.0 = Release|Any CPU
	EndGlobalSection
	GlobalSection(SolutionProperties) = preSolution
		HideSolutionNode = FALSE
	EndGlobalSection
	GlobalSection(ExtensibilityGlobals) = postSolution
		SolutionGuid = {1DB1C726-6FAB-4AB8-AB48-18644CD2346C}
	EndGlobalSection
EndGlobal
