
Microsoft Visual Studio Solution File, Format Version 12.00
# Visual Studio 15
VisualStudioVersion = 15.0.27004.2002
MinimumVisualStudioVersion = 10.0.40219.1
Project("{FAE04EC0-301F-11D3-BF4B-00C04F79EFBC}") = "Exercise-03", "Exercise-03\Exercise-03.csproj", "{D42F5EF6-8BFA-451F-BA70-3874A3BDB589}"
EndProject
Global
	GlobalSection(SolutionConfigurationPlatforms) = preSolution
		Debug|Any CPU = Debug|Any CPU
		Release|Any CPU = Release|Any CPU
	EndGlobalSection
	GlobalSection(ProjectConfigurationPlatforms) = postSolution
		{D42F5EF6-8BFA-451F-BA70-3874A3BDB589}.Debug|Any CPU.ActiveCfg = Debug|Any CPU
		{D42F5EF6-8BFA-451F-BA70-3874A3BDB589}.Debug|Any CPU.Build.0 = Debug|Any CPU
		{D42F5EF6-8BFA-451F-BA70-3874A3BDB589}.Release|Any CPU.ActiveCfg = Release|Any CPU
		{D42F5EF6-8BFA-451F-BA70-3874A3BDB589}.Release|Any CPU.Build.0 = Release|Any CPU
	EndGlobalSection
	GlobalSection(SolutionProperties) = preSolution
		HideSolutionNode = FALSE
	EndGlobalSection
	GlobalSection(ExtensibilityGlobals) = postSolution
		SolutionGuid = {11B8E458-B8FE-4731-8BEB-CFD36E8E96D8}
	EndGlobalSection
EndGlobal
