
Microsoft Visual Studio Solution File, Format Version 12.00
# Visual Studio 15
VisualStudioVersion = 15.0.26730.12
MinimumVisualStudioVersion = 10.0.40219.1
Project("{FAE04EC0-301F-11D3-BF4B-00C04F79EFBC}") = "02-Sum", "02-Sum\02-Sum.csproj", "{64706921-5417-461D-A726-7BB3E0AF89AD}"
EndProject
Project("{FAE04EC0-301F-11D3-BF4B-00C04F79EFBC}") = "SumTest", "SumTest\SumTest.csproj", "{03143313-0F1A-4A61-94B8-804E09D23CD2}"
EndProject
Global
	GlobalSection(SolutionConfigurationPlatforms) = preSolution
		Debug|Any CPU = Debug|Any CPU
		Release|Any CPU = Release|Any CPU
	EndGlobalSection
	GlobalSection(ProjectConfigurationPlatforms) = postSolution
		{64706921-5417-461D-A726-7BB3E0AF89AD}.Debug|Any CPU.ActiveCfg = Debug|Any CPU
		{64706921-5417-461D-A726-7BB3E0AF89AD}.Debug|Any CPU.Build.0 = Debug|Any CPU
		{64706921-5417-461D-A726-7BB3E0AF89AD}.Release|Any CPU.ActiveCfg = Release|Any CPU
		{64706921-5417-461D-A726-7BB3E0AF89AD}.Release|Any CPU.Build.0 = Release|Any CPU
		{03143313-0F1A-4A61-94B8-804E09D23CD2}.Debug|Any CPU.ActiveCfg = Debug|Any CPU
		{03143313-0F1A-4A61-94B8-804E09D23CD2}.Debug|Any CPU.Build.0 = Debug|Any CPU
		{03143313-0F1A-4A61-94B8-804E09D23CD2}.Release|Any CPU.ActiveCfg = Release|Any CPU
		{03143313-0F1A-4A61-94B8-804E09D23CD2}.Release|Any CPU.Build.0 = Release|Any CPU
	EndGlobalSection
	GlobalSection(SolutionProperties) = preSolution
		HideSolutionNode = FALSE
	EndGlobalSection
	GlobalSection(ExtensibilityGlobals) = postSolution
		SolutionGuid = {E9464512-E4CA-4E39-AFD2-902C3ACE1E5B}
	EndGlobalSection
EndGlobal
