
Microsoft Visual Studio Solution File, Format Version 12.00
# Visual Studio 15
VisualStudioVersion = 15.0.27004.2002
MinimumVisualStudioVersion = 10.0.40219.1
Project("{9A19103F-16F7-4668-BE54-9A1E7A4F7556}") = "RestExcercise", "RestExcercise\RestExcercise.csproj", "{B5CAC94F-34CA-43CE-9349-A4FC8E71A386}"
EndProject
Project("{FAE04EC0-301F-11D3-BF4B-00C04F79EFBC}") = "RestExerciseTest", "RestExerciseTest\RestExerciseTest.csproj", "{9BBA8328-BC55-46CC-A1F9-97F4DE46852D}"
EndProject
Global
	GlobalSection(SolutionConfigurationPlatforms) = preSolution
		Debug|Any CPU = Debug|Any CPU
		Release|Any CPU = Release|Any CPU
	EndGlobalSection
	GlobalSection(ProjectConfigurationPlatforms) = postSolution
		{B5CAC94F-34CA-43CE-9349-A4FC8E71A386}.Debug|Any CPU.ActiveCfg = Debug|Any CPU
		{B5CAC94F-34CA-43CE-9349-A4FC8E71A386}.Debug|Any CPU.Build.0 = Debug|Any CPU
		{B5CAC94F-34CA-43CE-9349-A4FC8E71A386}.Release|Any CPU.ActiveCfg = Release|Any CPU
		{B5CAC94F-34CA-43CE-9349-A4FC8E71A386}.Release|Any CPU.Build.0 = Release|Any CPU
		{9BBA8328-BC55-46CC-A1F9-97F4DE46852D}.Debug|Any CPU.ActiveCfg = Debug|Any CPU
		{9BBA8328-BC55-46CC-A1F9-97F4DE46852D}.Debug|Any CPU.Build.0 = Debug|Any CPU
		{9BBA8328-BC55-46CC-A1F9-97F4DE46852D}.Release|Any CPU.ActiveCfg = Release|Any CPU
		{9BBA8328-BC55-46CC-A1F9-97F4DE46852D}.Release|Any CPU.Build.0 = Release|Any CPU
	EndGlobalSection
	GlobalSection(SolutionProperties) = preSolution
		HideSolutionNode = FALSE
	EndGlobalSection
	GlobalSection(ExtensibilityGlobals) = postSolution
		SolutionGuid = {C890EA29-F382-48CD-B8B5-6D1A0E639BAA}
	EndGlobalSection
EndGlobal
