
Microsoft Visual Studio Solution File, Format Version 12.00
# Visual Studio 15
VisualStudioVersion = 15.0.26730.12
MinimumVisualStudioVersion = 10.0.40219.1
Project("{FAE04EC0-301F-11D3-BF4B-00C04F79EFBC}") = "01_Apples", "01_Apples\01_Apples.csproj", "{728D318E-8850-4821-A2A5-19A1FD43886B}"
EndProject
Project("{FAE04EC0-301F-11D3-BF4B-00C04F79EFBC}") = "ApplesTest", "AppleTest\ApplesTest.csproj", "{3C5E7931-6073-4A8F-BA17-76094A443D67}"
EndProject
Global
	GlobalSection(SolutionConfigurationPlatforms) = preSolution
		Debug|Any CPU = Debug|Any CPU
		Release|Any CPU = Release|Any CPU
	EndGlobalSection
	GlobalSection(ProjectConfigurationPlatforms) = postSolution
		{728D318E-8850-4821-A2A5-19A1FD43886B}.Debug|Any CPU.ActiveCfg = Debug|Any CPU
		{728D318E-8850-4821-A2A5-19A1FD43886B}.Debug|Any CPU.Build.0 = Debug|Any CPU
		{728D318E-8850-4821-A2A5-19A1FD43886B}.Release|Any CPU.ActiveCfg = Release|Any CPU
		{728D318E-8850-4821-A2A5-19A1FD43886B}.Release|Any CPU.Build.0 = Release|Any CPU
		{3C5E7931-6073-4A8F-BA17-76094A443D67}.Debug|Any CPU.ActiveCfg = Debug|Any CPU
		{3C5E7931-6073-4A8F-BA17-76094A443D67}.Debug|Any CPU.Build.0 = Debug|Any CPU
		{3C5E7931-6073-4A8F-BA17-76094A443D67}.Release|Any CPU.ActiveCfg = Release|Any CPU
		{3C5E7931-6073-4A8F-BA17-76094A443D67}.Release|Any CPU.Build.0 = Release|Any CPU
	EndGlobalSection
	GlobalSection(SolutionProperties) = preSolution
		HideSolutionNode = FALSE
	EndGlobalSection
	GlobalSection(ExtensibilityGlobals) = postSolution
		SolutionGuid = {0CDAAB95-80B3-441D-BB31-D881232EAB2B}
	EndGlobalSection
EndGlobal
