
Microsoft Visual Studio Solution File, Format Version 12.00
# Visual Studio 15
VisualStudioVersion = 15.0.26730.12
MinimumVisualStudioVersion = 10.0.40219.1
Project("{FAE04EC0-301F-11D3-BF4B-00C04F79EFBC}") = "Dictionary-02", "Dictionary-02\Dictionary-02.csproj", "{C0B756A2-ECDB-465F-B0DD-035B25DBEBF1}"
EndProject
Global
	GlobalSection(SolutionConfigurationPlatforms) = preSolution
		Debug|Any CPU = Debug|Any CPU
		Release|Any CPU = Release|Any CPU
	EndGlobalSection
	GlobalSection(ProjectConfigurationPlatforms) = postSolution
		{C0B756A2-ECDB-465F-B0DD-035B25DBEBF1}.Debug|Any CPU.ActiveCfg = Debug|Any CPU
		{C0B756A2-ECDB-465F-B0DD-035B25DBEBF1}.Debug|Any CPU.Build.0 = Debug|Any CPU
		{C0B756A2-ECDB-465F-B0DD-035B25DBEBF1}.Release|Any CPU.ActiveCfg = Release|Any CPU
		{C0B756A2-ECDB-465F-B0DD-035B25DBEBF1}.Release|Any CPU.Build.0 = Release|Any CPU
	EndGlobalSection
	GlobalSection(SolutionProperties) = preSolution
		HideSolutionNode = FALSE
	EndGlobalSection
	GlobalSection(ExtensibilityGlobals) = postSolution
		SolutionGuid = {36D1A338-AFAA-4542-BEBD-268F8359F9FE}
	EndGlobalSection
EndGlobal
