
Microsoft Visual Studio Solution File, Format Version 12.00
# Visual Studio 15
VisualStudioVersion = 15.0.26730.12
MinimumVisualStudioVersion = 10.0.40219.1
Project("{FAE04EC0-301F-11D3-BF4B-00C04F79EFBC}") = "AnagramTDD", "AnagramTDD\AnagramTDD.csproj", "{A49FEEDB-019B-4B9A-912A-0490A7FB50BC}"
EndProject
Project("{FAE04EC0-301F-11D3-BF4B-00C04F79EFBC}") = "AnagramTest", "AnagramTest\AnagramTest.csproj", "{C8978F21-2D18-4F86-A062-0510A509A03C}"
EndProject
Global
	GlobalSection(SolutionConfigurationPlatforms) = preSolution
		Debug|Any CPU = Debug|Any CPU
		Release|Any CPU = Release|Any CPU
	EndGlobalSection
	GlobalSection(ProjectConfigurationPlatforms) = postSolution
		{A49FEEDB-019B-4B9A-912A-0490A7FB50BC}.Debug|Any CPU.ActiveCfg = Debug|Any CPU
		{A49FEEDB-019B-4B9A-912A-0490A7FB50BC}.Debug|Any CPU.Build.0 = Debug|Any CPU
		{A49FEEDB-019B-4B9A-912A-0490A7FB50BC}.Release|Any CPU.ActiveCfg = Release|Any CPU
		{A49FEEDB-019B-4B9A-912A-0490A7FB50BC}.Release|Any CPU.Build.0 = Release|Any CPU
		{C8978F21-2D18-4F86-A062-0510A509A03C}.Debug|Any CPU.ActiveCfg = Debug|Any CPU
		{C8978F21-2D18-4F86-A062-0510A509A03C}.Debug|Any CPU.Build.0 = Debug|Any CPU
		{C8978F21-2D18-4F86-A062-0510A509A03C}.Release|Any CPU.ActiveCfg = Release|Any CPU
		{C8978F21-2D18-4F86-A062-0510A509A03C}.Release|Any CPU.Build.0 = Release|Any CPU
	EndGlobalSection
	GlobalSection(SolutionProperties) = preSolution
		HideSolutionNode = FALSE
	EndGlobalSection
	GlobalSection(ExtensibilityGlobals) = postSolution
		SolutionGuid = {B751F51A-C243-4E24-A4C8-5139AF5A62B2}
	EndGlobalSection
EndGlobal
