
Microsoft Visual Studio Solution File, Format Version 12.00
# Visual Studio 15
VisualStudioVersion = 15.0.26730.12
MinimumVisualStudioVersion = 10.0.40219.1
Project("{FAE04EC0-301F-11D3-BF4B-00C04F79EFBC}") = "Lists-02", "Lists-02\Lists-02.csproj", "{1921621A-AE28-4059-8B01-60671127C7A5}"
EndProject
Global
	GlobalSection(SolutionConfigurationPlatforms) = preSolution
		Debug|Any CPU = Debug|Any CPU
		Release|Any CPU = Release|Any CPU
	EndGlobalSection
	GlobalSection(ProjectConfigurationPlatforms) = postSolution
		{1921621A-AE28-4059-8B01-60671127C7A5}.Debug|Any CPU.ActiveCfg = Debug|Any CPU
		{1921621A-AE28-4059-8B01-60671127C7A5}.Debug|Any CPU.Build.0 = Debug|Any CPU
		{1921621A-AE28-4059-8B01-60671127C7A5}.Release|Any CPU.ActiveCfg = Release|Any CPU
		{1921621A-AE28-4059-8B01-60671127C7A5}.Release|Any CPU.Build.0 = Release|Any CPU
	EndGlobalSection
	GlobalSection(SolutionProperties) = preSolution
		HideSolutionNode = FALSE
	EndGlobalSection
	GlobalSection(ExtensibilityGlobals) = postSolution
		SolutionGuid = {807B2D9A-0209-4123-969A-FDD1E5729EC0}
	EndGlobalSection
EndGlobal
