
Microsoft Visual Studio Solution File, Format Version 12.00
# Visual Studio 15
VisualStudioVersion = 15.0.26730.12
MinimumVisualStudioVersion = 10.0.40219.1
Project("{FAE04EC0-301F-11D3-BF4B-00C04F79EFBC}") = "19-ReverseList", "19-ReverseList\19-ReverseList.csproj", "{B9808B77-CE05-445F-8137-9B3B3F992912}"
EndProject
Global
	GlobalSection(SolutionConfigurationPlatforms) = preSolution
		Debug|Any CPU = Debug|Any CPU
		Release|Any CPU = Release|Any CPU
	EndGlobalSection
	GlobalSection(ProjectConfigurationPlatforms) = postSolution
		{B9808B77-CE05-445F-8137-9B3B3F992912}.Debug|Any CPU.ActiveCfg = Debug|Any CPU
		{B9808B77-CE05-445F-8137-9B3B3F992912}.Debug|Any CPU.Build.0 = Debug|Any CPU
		{B9808B77-CE05-445F-8137-9B3B3F992912}.Release|Any CPU.ActiveCfg = Release|Any CPU
		{B9808B77-CE05-445F-8137-9B3B3F992912}.Release|Any CPU.Build.0 = Release|Any CPU
	EndGlobalSection
	GlobalSection(SolutionProperties) = preSolution
		HideSolutionNode = FALSE
	EndGlobalSection
	GlobalSection(ExtensibilityGlobals) = postSolution
		SolutionGuid = {F25952FC-8182-4A28-BA59-704EF4B2ED04}
	EndGlobalSection
EndGlobal
