
Microsoft Visual Studio Solution File, Format Version 12.00
# Visual Studio 15
VisualStudioVersion = 15.0.27004.2002
MinimumVisualStudioVersion = 10.0.40219.1
Project("{FAE04EC0-301F-11D3-BF4B-00C04F79EFBC}") = "RestPractice", "RestPractice\RestPractice.csproj", "{5EEE9ED9-4E5C-458C-9E1F-509D063914D2}"
EndProject
Global
	GlobalSection(SolutionConfigurationPlatforms) = preSolution
		Debug|Any CPU = Debug|Any CPU
		Release|Any CPU = Release|Any CPU
	EndGlobalSection
	GlobalSection(ProjectConfigurationPlatforms) = postSolution
		{5EEE9ED9-4E5C-458C-9E1F-509D063914D2}.Debug|Any CPU.ActiveCfg = Debug|Any CPU
		{5EEE9ED9-4E5C-458C-9E1F-509D063914D2}.Debug|Any CPU.Build.0 = Debug|Any CPU
		{5EEE9ED9-4E5C-458C-9E1F-509D063914D2}.Release|Any CPU.ActiveCfg = Release|Any CPU
		{5EEE9ED9-4E5C-458C-9E1F-509D063914D2}.Release|Any CPU.Build.0 = Release|Any CPU
	EndGlobalSection
	GlobalSection(SolutionProperties) = preSolution
		HideSolutionNode = FALSE
	EndGlobalSection
	GlobalSection(ExtensibilityGlobals) = postSolution
		SolutionGuid = {41A8D033-6D78-4989-B0C3-E300F2D9EB43}
	EndGlobalSection
EndGlobal
