
Microsoft Visual Studio Solution File, Format Version 12.00
# Visual Studio 15
VisualStudioVersion = 15.0.26730.12
MinimumVisualStudioVersion = 10.0.40219.1
Project("{FAE04EC0-301F-11D3-BF4B-00C04F79EFBC}") = "25-MultiplicationTable", "25-MultiplicationTable\25-MultiplicationTable.csproj", "{57E1FBF0-B37E-49E1-904A-C0825F30D7A6}"
EndProject
Global
	GlobalSection(SolutionConfigurationPlatforms) = preSolution
		Debug|Any CPU = Debug|Any CPU
		Release|Any CPU = Release|Any CPU
	EndGlobalSection
	GlobalSection(ProjectConfigurationPlatforms) = postSolution
		{57E1FBF0-B37E-49E1-904A-C0825F30D7A6}.Debug|Any CPU.ActiveCfg = Debug|Any CPU
		{57E1FBF0-B37E-49E1-904A-C0825F30D7A6}.Debug|Any CPU.Build.0 = Debug|Any CPU
		{57E1FBF0-B37E-49E1-904A-C0825F30D7A6}.Release|Any CPU.ActiveCfg = Release|Any CPU
		{57E1FBF0-B37E-49E1-904A-C0825F30D7A6}.Release|Any CPU.Build.0 = Release|Any CPU
	EndGlobalSection
	GlobalSection(SolutionProperties) = preSolution
		HideSolutionNode = FALSE
	EndGlobalSection
	GlobalSection(ExtensibilityGlobals) = postSolution
		SolutionGuid = {F5E505AD-17AC-469D-8A89-29753246EB1B}
	EndGlobalSection
EndGlobal
