
Microsoft Visual Studio Solution File, Format Version 12.00
# Visual Studio 15
VisualStudioVersion = 15.0.26730.12
MinimumVisualStudioVersion = 10.0.40219.1
Project("{FAE04EC0-301F-11D3-BF4B-00C04F79EFBC}") = "Strings-03", "Strings-03\Strings-03.csproj", "{98FECD0A-98DA-47CA-8A8C-DBE84A7803F8}"
EndProject
Global
	GlobalSection(SolutionConfigurationPlatforms) = preSolution
		Debug|Any CPU = Debug|Any CPU
		Release|Any CPU = Release|Any CPU
	EndGlobalSection
	GlobalSection(ProjectConfigurationPlatforms) = postSolution
		{98FECD0A-98DA-47CA-8A8C-DBE84A7803F8}.Debug|Any CPU.ActiveCfg = Debug|Any CPU
		{98FECD0A-98DA-47CA-8A8C-DBE84A7803F8}.Debug|Any CPU.Build.0 = Debug|Any CPU
		{98FECD0A-98DA-47CA-8A8C-DBE84A7803F8}.Release|Any CPU.ActiveCfg = Release|Any CPU
		{98FECD0A-98DA-47CA-8A8C-DBE84A7803F8}.Release|Any CPU.Build.0 = Release|Any CPU
	EndGlobalSection
	GlobalSection(SolutionProperties) = preSolution
		HideSolutionNode = FALSE
	EndGlobalSection
	GlobalSection(ExtensibilityGlobals) = postSolution
		SolutionGuid = {2584F90C-65E8-4FF1-9784-69ABAEA35A73}
	EndGlobalSection
EndGlobal
